
Microsoft Visual Studio Solution File, Format Version 12.00
# Visual Studio Version 17
VisualStudioVersion = 17.8.34511.84
MinimumVisualStudioVersion = 10.0.40219.1
Project("{9A19103F-16F7-4668-BE54-9A1E7A4F7556}") = "CourseScheduler.Calc", "CourseScheduler.Calc\CourseScheduler.Calc.csproj", "{420AAF8D-BDAA-4D1A-832F-C27CE5E9CA21}"
EndProject
Project("{FAE04EC0-301F-11D3-BF4B-00C04F79EFBC}") = "CourseScheduler.Web.Server", "CourseScheduler.Web.Server\CourseScheduler.Web.Server.csproj", "{D6AE15CE-77CF-4FCA-9370-E37E1B1BB68D}"
EndProject
Global
	GlobalSection(SolutionConfigurationPlatforms) = preSolution
		Debug|Any CPU = Debug|Any CPU
		Release|Any CPU = Release|Any CPU
	EndGlobalSection
	GlobalSection(ProjectConfigurationPlatforms) = postSolution
		{420AAF8D-BDAA-4D1A-832F-C27CE5E9CA21}.Debug|Any CPU.ActiveCfg = Debug|Any CPU
		{420AAF8D-BDAA-4D1A-832F-C27CE5E9CA21}.Debug|Any CPU.Build.0 = Debug|Any CPU
		{420AAF8D-BDAA-4D1A-832F-C27CE5E9CA21}.Release|Any CPU.ActiveCfg = Release|Any CPU
		{420AAF8D-BDAA-4D1A-832F-C27CE5E9CA21}.Release|Any CPU.Build.0 = Release|Any CPU
		{D6AE15CE-77CF-4FCA-9370-E37E1B1BB68D}.Debug|Any CPU.ActiveCfg = Debug|Any CPU
		{D6AE15CE-77CF-4FCA-9370-E37E1B1BB68D}.Debug|Any CPU.Build.0 = Debug|Any CPU
		{D6AE15CE-77CF-4FCA-9370-E37E1B1BB68D}.Release|Any CPU.ActiveCfg = Release|Any CPU
		{D6AE15CE-77CF-4FCA-9370-E37E1B1BB68D}.Release|Any CPU.Build.0 = Release|Any CPU
		{C7BD6F46-FAF6-45C7-AFBE-2FB9B02B5211}.Debug|Any CPU.ActiveCfg = Debug|Any CPU
		{C7BD6F46-FAF6-45C7-AFBE-2FB9B02B5211}.Debug|Any CPU.Build.0 = Debug|Any CPU
		{C7BD6F46-FAF6-45C7-AFBE-2FB9B02B5211}.Debug|Any CPU.Deploy.0 = Debug|Any CPU
		{C7BD6F46-FAF6-45C7-AFBE-2FB9B02B5211}.Release|Any CPU.ActiveCfg = Release|Any CPU
		{C7BD6F46-FAF6-45C7-AFBE-2FB9B02B5211}.Release|Any CPU.Build.0 = Release|Any CPU
		{C7BD6F46-FAF6-45C7-AFBE-2FB9B02B5211}.Release|Any CPU.Deploy.0 = Release|Any CPU
	EndGlobalSection
	GlobalSection(SolutionProperties) = preSolution
		HideSolutionNode = FALSE
	EndGlobalSection
	GlobalSection(ExtensibilityGlobals) = postSolution
		SolutionGuid = {720E25D3-5301-4F40-B19C-645CEFF7FEC0}
	EndGlobalSection
EndGlobal
